
Microsoft Visual Studio Solution File, Format Version 12.00
# Visual Studio Version 17
VisualStudioVersion = 17.1.32407.343
MinimumVisualStudioVersion = 10.0.40219.1
Project("{FAE04EC0-301F-11D3-BF4B-00C04F79EFBC}") = "Condition Statement Practice", "Condition Statement Practice\Condition Statement Practice.csproj", "{68727875-C129-4F66-92EF-0ACF87BE8392}"
EndProject
Global
	GlobalSection(SolutionConfigurationPlatforms) = preSolution
		Debug|Any CPU = Debug|Any CPU
		Release|Any CPU = Release|Any CPU
	EndGlobalSection
	GlobalSection(ProjectConfigurationPlatforms) = postSolution
		{68727875-C129-4F66-92EF-0ACF87BE8392}.Debug|Any CPU.ActiveCfg = Debug|Any CPU
		{68727875-C129-4F66-92EF-0ACF87BE8392}.Debug|Any CPU.Build.0 = Debug|Any CPU
		{68727875-C129-4F66-92EF-0ACF87BE8392}.Release|Any CPU.ActiveCfg = Release|Any CPU
		{68727875-C129-4F66-92EF-0ACF87BE8392}.Release|Any CPU.Build.0 = Release|Any CPU
	EndGlobalSection
	GlobalSection(SolutionProperties) = preSolution
		HideSolutionNode = FALSE
	EndGlobalSection
	GlobalSection(ExtensibilityGlobals) = postSolution
		SolutionGuid = {58619E29-037C-4453-8C7B-1BAFECDDC394}
	EndGlobalSection
EndGlobal
