
Microsoft Visual Studio Solution File, Format Version 12.00
# Visual Studio Version 17
VisualStudioVersion = 17.1.32407.343
MinimumVisualStudioVersion = 10.0.40219.1
Project("{FAE04EC0-301F-11D3-BF4B-00C04F79EFBC}") = "DiceGame", "DiceGame\DiceGame.csproj", "{B2CCD576-B2D9-434E-B251-BA518DFC444A}"
EndProject
Global
	GlobalSection(SolutionConfigurationPlatforms) = preSolution
		Debug|Any CPU = Debug|Any CPU
		Release|Any CPU = Release|Any CPU
	EndGlobalSection
	GlobalSection(ProjectConfigurationPlatforms) = postSolution
		{B2CCD576-B2D9-434E-B251-BA518DFC444A}.Debug|Any CPU.ActiveCfg = Debug|Any CPU
		{B2CCD576-B2D9-434E-B251-BA518DFC444A}.Debug|Any CPU.Build.0 = Debug|Any CPU
		{B2CCD576-B2D9-434E-B251-BA518DFC444A}.Release|Any CPU.ActiveCfg = Release|Any CPU
		{B2CCD576-B2D9-434E-B251-BA518DFC444A}.Release|Any CPU.Build.0 = Release|Any CPU
	EndGlobalSection
	GlobalSection(SolutionProperties) = preSolution
		HideSolutionNode = FALSE
	EndGlobalSection
	GlobalSection(ExtensibilityGlobals) = postSolution
		SolutionGuid = {89B25204-678F-4F2D-8CD1-6A5597C16B19}
	EndGlobalSection
EndGlobal
